
Microsoft Visual Studio Solution File, Format Version 12.00
# Visual Studio Version 17
VisualStudioVersion = 17.2.32516.85
MinimumVisualStudioVersion = 10.0.40219.1
Project("{9A19103F-16F7-4668-BE54-9A1E7A4F7556}") = "Customer.Web", "Customer.Web\Customer.Web.csproj", "{BB39FA42-1FC6-4B14-9F29-4CAF2AC213A8}"
EndProject
Project("{FAE04EC0-301F-11D3-BF4B-00C04F79EFBC}") = "Customer.Web.Test", "Customer.Web.Test\Customer.Web.Test.csproj", "{748883B4-226B-4081-8C81-288AF87517BE}"
EndProject
Global
	GlobalSection(SolutionConfigurationPlatforms) = preSolution
		Debug|Any CPU = Debug|Any CPU
		Release|Any CPU = Release|Any CPU
	EndGlobalSection
	GlobalSection(ProjectConfigurationPlatforms) = postSolution
		{BB39FA42-1FC6-4B14-9F29-4CAF2AC213A8}.Debug|Any CPU.ActiveCfg = Debug|Any CPU
		{BB39FA42-1FC6-4B14-9F29-4CAF2AC213A8}.Debug|Any CPU.Build.0 = Debug|Any CPU
		{BB39FA42-1FC6-4B14-9F29-4CAF2AC213A8}.Release|Any CPU.ActiveCfg = Release|Any CPU
		{BB39FA42-1FC6-4B14-9F29-4CAF2AC213A8}.Release|Any CPU.Build.0 = Release|Any CPU
		{748883B4-226B-4081-8C81-288AF87517BE}.Debug|Any CPU.ActiveCfg = Debug|Any CPU
		{748883B4-226B-4081-8C81-288AF87517BE}.Debug|Any CPU.Build.0 = Debug|Any CPU
		{748883B4-226B-4081-8C81-288AF87517BE}.Release|Any CPU.ActiveCfg = Release|Any CPU
		{748883B4-226B-4081-8C81-288AF87517BE}.Release|Any CPU.Build.0 = Release|Any CPU
	EndGlobalSection
	GlobalSection(SolutionProperties) = preSolution
		HideSolutionNode = FALSE
	EndGlobalSection
	GlobalSection(ExtensibilityGlobals) = postSolution
		SolutionGuid = {6B171620-7C03-4721-AB83-4A6B889A6CAF}
	EndGlobalSection
EndGlobal
